
Microsoft Visual Studio Solution File, Format Version 12.00
# Visual Studio 15
VisualStudioVersion = 15.0.27004.2002
MinimumVisualStudioVersion = 10.0.40219.1
Project("{9A19103F-16F7-4668-BE54-9A1E7A4F7556}") = "Ockham.Nuget", "src\src\Ockham.Nuget.csproj", "{63656D9B-1316-49E7-A363-9A687E187871}"
EndProject
Project("{9A19103F-16F7-4668-BE54-9A1E7A4F7556}") = "Ockham.Nuget.Test", "src\test\Ockham.Nuget.Test.csproj", "{F8BB199A-8C9D-41DF-90EE-B8E95F8CDBC8}"
EndProject
Global
	GlobalSection(SolutionConfigurationPlatforms) = preSolution
		Debug|Any CPU = Debug|Any CPU
		Release|Any CPU = Release|Any CPU
	EndGlobalSection
	GlobalSection(ProjectConfigurationPlatforms) = postSolution
		{63656D9B-1316-49E7-A363-9A687E187871}.Debug|Any CPU.ActiveCfg = Debug|Any CPU
		{63656D9B-1316-49E7-A363-9A687E187871}.Debug|Any CPU.Build.0 = Debug|Any CPU
		{63656D9B-1316-49E7-A363-9A687E187871}.Release|Any CPU.ActiveCfg = Release|Any CPU
		{63656D9B-1316-49E7-A363-9A687E187871}.Release|Any CPU.Build.0 = Release|Any CPU
		{F8BB199A-8C9D-41DF-90EE-B8E95F8CDBC8}.Debug|Any CPU.ActiveCfg = Debug|Any CPU
		{F8BB199A-8C9D-41DF-90EE-B8E95F8CDBC8}.Debug|Any CPU.Build.0 = Debug|Any CPU
		{F8BB199A-8C9D-41DF-90EE-B8E95F8CDBC8}.Release|Any CPU.ActiveCfg = Release|Any CPU
		{F8BB199A-8C9D-41DF-90EE-B8E95F8CDBC8}.Release|Any CPU.Build.0 = Release|Any CPU
	EndGlobalSection
	GlobalSection(SolutionProperties) = preSolution
		HideSolutionNode = FALSE
	EndGlobalSection
	GlobalSection(ExtensibilityGlobals) = postSolution
		SolutionGuid = {F1297EB9-11BE-438E-80BA-672EC61BEAB1}
	EndGlobalSection
EndGlobal
